// !$*UTF8*$!
{
	archiveVersion = 1;
	classes = {
	};
	objectVersion = 56;
	objects = {

/* Begin PBXBuildFile section */
		A895CDA62C47A6DF006B3DB4 /* AppDelegate.swift in Sources */ = {isa = PBXBuildFile; fileRef = A895CDA52C47A6DF006B3DB4 /* AppDelegate.swift */; };
		A895CDA82C47A6DF006B3DB4 /* SceneDelegate.swift in Sources */ = {isa = PBXBuildFile; fileRef = A895CDA72C47A6DF006B3DB4 /* SceneDelegate.swift */; };
		A895CDAD2C47A6DF006B3DB4 /* Base in Resources */ = {isa = PBXBuildFile; fileRef = A895CDAC2C47A6DF006B3DB4 /* Base */; };
		A895CDB02C47A6DF006B3DB4 /* CoreDataExample.xcdatamodeld in Sources */ = {isa = PBXBuildFile; fileRef = A895CDAE2C47A6DF006B3DB4 /* CoreDataExample.xcdatamodeld */; };
		A895CDB22C47A6E1006B3DB4 /* Assets.xcassets in Resources */ = {isa = PBXBuildFile; fileRef = A895CDB12C47A6E1006B3DB4 /* Assets.xcassets */; };
		A895CDB52C47A6E1006B3DB4 /* Base in Resources */ = {isa = PBXBuildFile; fileRef = A895CDB42C47A6E1006B3DB4 /* Base */; };
		A895CDBE2C47A70B006B3DB4 /* RegisterViewController.swift in Sources */ = {isa = PBXBuildFile; fileRef = A895CDBC2C47A70B006B3DB4 /* RegisterViewController.swift */; };
		A895CDBF2C47A70B006B3DB4 /* ListViewController.swift in Sources */ = {isa = PBXBuildFile; fileRef = A895CDBD2C47A70B006B3DB4 /* ListViewController.swift */; };
		A895CDC12C47B75F006B3DB4 /* DBManager.swift in Sources */ = {isa = PBXBuildFile; fileRef = A895CDC02C47B75F006B3DB4 /* DBManager.swift */; };
		A895CDC32C47B840006B3DB4 /* UserModal.swift in Sources */ = {isa = PBXBuildFile; fileRef = A895CDC22C47B840006B3DB4 /* UserModal.swift */; };
/* End PBXBuildFile section */

/* Begin PBXFileReference section */
		A895CDA22C47A6DF006B3DB4 /* CoreDataExample.app */ = {isa = PBXFileReference; explicitFileType = wrapper.application; includeInIndex = 0; path = CoreDataExample.app; sourceTree = BUILT_PRODUCTS_DIR; };
		A895CDA52C47A6DF006B3DB4 /* AppDelegate.swift */ = {isa = PBXFileReference; lastKnownFileType = sourcecode.swift; path = AppDelegate.swift; sourceTree = "<group>"; };
		A895CDA72C47A6DF006B3DB4 /* SceneDelegate.swift */ = {isa = PBXFileReference; lastKnownFileType = sourcecode.swift; path = SceneDelegate.swift; sourceTree = "<group>"; };
		A895CDAC2C47A6DF006B3DB4 /* Base */ = {isa = PBXFileReference; lastKnownFileType = file.storyboard; name = Base; path = Base.lproj/Main.storyboard; sourceTree = "<group>"; };
		A895CDAF2C47A6DF006B3DB4 /* CoreDataExample.xcdatamodel */ = {isa = PBXFileReference; lastKnownFileType = wrapper.xcdatamodel; path = CoreDataExample.xcdatamodel; sourceTree = "<group>"; };
		A895CDB12C47A6E1006B3DB4 /* Assets.xcassets */ = {isa = PBXFileReference; lastKnownFileType = folder.assetcatalog; path = Assets.xcassets; sourceTree = "<group>"; };
		A895CDB42C47A6E1006B3DB4 /* Base */ = {isa = PBXFileReference; lastKnownFileType = file.storyboard; name = Base; path = Base.lproj/LaunchScreen.storyboard; sourceTree = "<group>"; };
		A895CDB62C47A6E1006B3DB4 /* Info.plist */ = {isa = PBXFileReference; lastKnownFileType = text.plist.xml; path = Info.plist; sourceTree = "<group>"; };
		A895CDBC2C47A70B006B3DB4 /* RegisterViewController.swift */ = {isa = PBXFileReference; fileEncoding = 4; lastKnownFileType = sourcecode.swift; path = RegisterViewController.swift; sourceTree = "<group>"; };
		A895CDBD2C47A70B006B3DB4 /* ListViewController.swift */ = {isa = PBXFileReference; fileEncoding = 4; lastKnownFileType = sourcecode.swift; path = ListViewController.swift; sourceTree = "<group>"; };
		A895CDC02C47B75F006B3DB4 /* DBManager.swift */ = {isa = PBXFileReference; lastKnownFileType = sourcecode.swift; path = DBManager.swift; sourceTree = "<group>"; };
		A895CDC22C47B840006B3DB4 /* UserModal.swift */ = {isa = PBXFileReference; lastKnownFileType = sourcecode.swift; path = UserModal.swift; sourceTree = "<group>"; };
/* End PBXFileReference section */

/* Begin PBXFrameworksBuildPhase section */
		A895CD9F2C47A6DF006B3DB4 /* Frameworks */ = {
			isa = PBXFrameworksBuildPhase;
			buildActionMask = 2147483647;
			files = (
			);
			runOnlyForDeploymentPostprocessing = 0;
		};
/* End PBXFrameworksBuildPhase section */

/* Begin PBXGroup section */
		A895CD992C47A6DF006B3DB4 = {
			isa = PBXGroup;
			children = (
				A895CDA42C47A6DF006B3DB4 /* CoreDataExample */,
				A895CDA32C47A6DF006B3DB4 /* Products */,
			);
			sourceTree = "<group>";
		};
		A895CDA32C47A6DF006B3DB4 /* Products */ = {
			isa = PBXGroup;
			children = (
				A895CDA22C47A6DF006B3DB4 /* CoreDataExample.app */,
			);
			name = Products;
			sourceTree = "<group>";
		};
		A895CDA42C47A6DF006B3DB4 /* CoreDataExample */ = {
			isa = PBXGroup;
			children = (
				A895CDC62C47B873006B3DB4 /* App Classes */,
				A895CDC52C47B867006B3DB4 /* Database */,
				A895CDC42C47B85A006B3DB4 /* Modal */,
				A895CDC72C47B971006B3DB4 /* Screens */,
				A895CDC82C47B97E006B3DB4 /* Storyboard */,
				A895CDC92C47B999006B3DB4 /* Resources */,
				A895CDB62C47A6E1006B3DB4 /* Info.plist */,
			);
			path = CoreDataExample;
			sourceTree = "<group>";
		};
		A895CDC42C47B85A006B3DB4 /* Modal */ = {
			isa = PBXGroup;
			children = (
				A895CDC22C47B840006B3DB4 /* UserModal.swift */,
			);
			path = Modal;
			sourceTree = "<group>";
		};
		A895CDC52C47B867006B3DB4 /* Database */ = {
			isa = PBXGroup;
			children = (
				A895CDC02C47B75F006B3DB4 /* DBManager.swift */,
				A895CDAE2C47A6DF006B3DB4 /* CoreDataExample.xcdatamodeld */,
			);
			path = Database;
			sourceTree = "<group>";
		};
		A895CDC62C47B873006B3DB4 /* App Classes */ = {
			isa = PBXGroup;
			children = (
				A895CDA52C47A6DF006B3DB4 /* AppDelegate.swift */,
				A895CDA72C47A6DF006B3DB4 /* SceneDelegate.swift */,
			);
			path = "App Classes";
			sourceTree = "<group>";
		};
		A895CDC72C47B971006B3DB4 /* Screens */ = {
			isa = PBXGroup;
			children = (
				A895CDBD2C47A70B006B3DB4 /* ListViewController.swift */,
				A895CDBC2C47A70B006B3DB4 /* RegisterViewController.swift */,
			);
			path = Screens;
			sourceTree = "<group>";
		};
		A895CDC82C47B97E006B3DB4 /* Storyboard */ = {
			isa = PBXGroup;
			children = (
				A895CDAB2C47A6DF006B3DB4 /* Main.storyboard */,
				A895CDB32C47A6E1006B3DB4 /* LaunchScreen.storyboard */,
			);
			path = Storyboard;
			sourceTree = "<group>";
		};
		A895CDC92C47B999006B3DB4 /* Resources */ = {
			isa = PBXGroup;
			children = (
				A895CDB12C47A6E1006B3DB4 /* Assets.xcassets */,
			);
			path = Resources;
			sourceTree = "<group>";
		};
/* End PBXGroup section */

/* Begin PBXNativeTarget section */
		A895CDA12C47A6DF006B3DB4 /* CoreDataExample */ = {
			isa = PBXNativeTarget;
			buildConfigurationList = A895CDB92C47A6E1006B3DB4 /* Build configuration list for PBXNativeTarget "CoreDataExample" */;
			buildPhases = (
				A895CD9E2C47A6DF006B3DB4 /* Sources */,
				A895CD9F2C47A6DF006B3DB4 /* Frameworks */,
				A895CDA02C47A6DF006B3DB4 /* Resources */,
			);
			buildRules = (
			);
			dependencies = (
			);
			name = CoreDataExample;
			productName = CoreDataExample;
			productReference = A895CDA22C47A6DF006B3DB4 /* CoreDataExample.app */;
			productType = "com.apple.product-type.application";
		};
/* End PBXNativeTarget section */

/* Begin PBXProject section */
		A895CD9A2C47A6DF006B3DB4 /* Project object */ = {
			isa = PBXProject;
			attributes = {
				BuildIndependentTargetsInParallel = 1;
				LastSwiftUpdateCheck = 1540;
				LastUpgradeCheck = 1540;
				TargetAttributes = {
					A895CDA12C47A6DF006B3DB4 = {
						CreatedOnToolsVersion = 15.4;
					};
				};
			};
			buildConfigurationList = A895CD9D2C47A6DF006B3DB4 /* Build configuration list for PBXProject "CoreDataExample" */;
			compatibilityVersion = "Xcode 14.0";
			developmentRegion = en;
			hasScannedForEncodings = 0;
			knownRegions = (
				en,
				Base,
			);
			mainGroup = A895CD992C47A6DF006B3DB4;
			productRefGroup = A895CDA32C47A6DF006B3DB4 /* Products */;
			projectDirPath = "";
			projectRoot = "";
			targets = (
				A895CDA12C47A6DF006B3DB4 /* CoreDataExample */,
			);
		};
/* End PBXProject section */

/* Begin PBXResourcesBuildPhase section */
		A895CDA02C47A6DF006B3DB4 /* Resources */ = {
			isa = PBXResourcesBuildPhase;
			buildActionMask = 2147483647;
			files = (
				A895CDB22C47A6E1006B3DB4 /* Assets.xcassets in Resources */,
				A895CDB52C47A6E1006B3DB4 /* Base in Resources */,
				A895CDAD2C47A6DF006B3DB4 /* Base in Resources */,
			);
			runOnlyForDeploymentPostprocessing = 0;
		};
/* End PBXResourcesBuildPhase section */

/* Begin PBXSourcesBuildPhase section */
		A895CD9E2C47A6DF006B3DB4 /* Sources */ = {
			isa = PBXSourcesBuildPhase;
			buildActionMask = 2147483647;
			files = (
				A895CDBE2C47A70B006B3DB4 /* RegisterViewController.swift in Sources */,
				A895CDC32C47B840006B3DB4 /* UserModal.swift in Sources */,
				A895CDC12C47B75F006B3DB4 /* DBManager.swift in Sources */,
				A895CDBF2C47A70B006B3DB4 /* ListViewController.swift in Sources */,
				A895CDA62C47A6DF006B3DB4 /* AppDelegate.swift in Sources */,
				A895CDA82C47A6DF006B3DB4 /* SceneDelegate.swift in Sources */,
				A895CDB02C47A6DF006B3DB4 /* CoreDataExample.xcdatamodeld in Sources */,
			);
			runOnlyForDeploymentPostprocessing = 0;
		};
/* End PBXSourcesBuildPhase section */

/* Begin PBXVariantGroup section */
		A895CDAB2C47A6DF006B3DB4 /* Main.storyboard */ = {
			isa = PBXVariantGroup;
			children = (
				A895CDAC2C47A6DF006B3DB4 /* Base */,
			);
			name = Main.storyboard;
			sourceTree = "<group>";
		};
		A895CDB32C47A6E1006B3DB4 /* LaunchScreen.storyboard */ = {
			isa = PBXVariantGroup;
			children = (
				A895CDB42C47A6E1006B3DB4 /* Base */,
			);
			name = LaunchScreen.storyboard;
			sourceTree = "<group>";
		};
/* End PBXVariantGroup section */

/* Begin XCBuildConfiguration section */
		A895CDB72C47A6E1006B3DB4 /* Debug */ = {
			isa = XCBuildConfiguration;
			buildSettings = {
				ALWAYS_SEARCH_USER_PATHS = NO;
				ASSETCATALOG_COMPILER_GENERATE_SWIFT_ASSET_SYMBOL_EXTENSIONS = YES;
				CLANG_ANALYZER_NONNULL = YES;
				CLANG_ANALYZER_NUMBER_OBJECT_CONVERSION = YES_AGGRESSIVE;
				CLANG_CXX_LANGUAGE_STANDARD = "gnu++20";
				CLANG_ENABLE_MODULES = YES;
				CLANG_ENABLE_OBJC_ARC = YES;
				CLANG_ENABLE_OBJC_WEAK = YES;
				CLANG_WARN_BLOCK_CAPTURE_AUTORELEASING = YES;
				CLANG_WARN_BOOL_CONVERSION = YES;
				CLANG_WARN_COMMA = YES;
				CLANG_WARN_CONSTANT_CONVERSION = YES;
				CLANG_WARN_DEPRECATED_OBJC_IMPLEMENTATIONS = YES;
				CLANG_WARN_DIRECT_OBJC_ISA_USAGE = YES_ERROR;
				CLANG_WARN_DOCUMENTATION_COMMENTS = YES;
				CLANG_WARN_EMPTY_BODY = YES;
				CLANG_WARN_ENUM_CONVERSION = YES;
				CLANG_WARN_INFINITE_RECURSION = YES;
				CLANG_WARN_INT_CONVERSION = YES;
				CLANG_WARN_NON_LITERAL_NULL_CONVERSION = YES;
				CLANG_WARN_OBJC_IMPLICIT_RETAIN_SELF = YES;
				CLANG_WARN_OBJC_LITERAL_CONVERSION = YES;
				CLANG_WARN_OBJC_ROOT_CLASS = YES_ERROR;
				CLANG_WARN_QUOTED_INCLUDE_IN_FRAMEWORK_HEADER = YES;
				CLANG_WARN_RANGE_LOOP_ANALYSIS = YES;
				CLANG_WARN_STRICT_PROTOTYPES = YES;
				CLANG_WARN_SUSPICIOUS_MOVE = YES;
				CLANG_WARN_UNGUARDED_AVAILABILITY = YES_AGGRESSIVE;
				CLANG_WARN_UNREACHABLE_CODE = YES;
				CLANG_WARN__DUPLICATE_METHOD_MATCH = YES;
				COPY_PHASE_STRIP = NO;
				DEBUG_INFORMATION_FORMAT = dwarf;
				ENABLE_STRICT_OBJC_MSGSEND = YES;
				ENABLE_TESTABILITY = YES;
				ENABLE_USER_SCRIPT_SANDBOXING = YES;
				GCC_C_LANGUAGE_STANDARD = gnu17;
				GCC_DYNAMIC_NO_PIC = NO;
				GCC_NO_COMMON_BLOCKS = YES;
				GCC_OPTIMIZATION_LEVEL = 0;
				GCC_PREPROCESSOR_DEFINITIONS = (
					"DEBUG=1",
					"$(inherited)",
				);
				GCC_WARN_64_TO_32_BIT_CONVERSION = YES;
				GCC_WARN_ABOUT_RETURN_TYPE = YES_ERROR;
				GCC_WARN_UNDECLARED_SELECTOR = YES;
				GCC_WARN_UNINITIALIZED_AUTOS = YES_AGGRESSIVE;
				GCC_WARN_UNUSED_FUNCTION = YES;
				GCC_WARN_UNUSED_VARIABLE = YES;
				IPHONEOS_DEPLOYMENT_TARGET = 17.5;
				LOCALIZATION_PREFERS_STRING_CATALOGS = YES;
				MTL_ENABLE_DEBUG_INFO = INCLUDE_SOURCE;
				MTL_FAST_MATH = YES;
				ONLY_ACTIVE_ARCH = YES;
				SDKROOT = iphoneos;
				SWIFT_ACTIVE_COMPILATION_CONDITIONS = "DEBUG $(inherited)";
				SWIFT_OPTIMIZATION_LEVEL = "-Onone";
			};
			name = Debug;
		};
		A895CDB82C47A6E1006B3DB4 /* Release */ = {
			isa = XCBuildConfiguration;
			buildSettings = {
				ALWAYS_SEARCH_USER_PATHS = NO;
				ASSETCATALOG_COMPILER_GENERATE_SWIFT_ASSET_SYMBOL_EXTENSIONS = YES;
				CLANG_ANALYZER_NONNULL = YES;
				CLANG_ANALYZER_NUMBER_OBJECT_CONVERSION = YES_AGGRESSIVE;
				CLANG_CXX_LANGUAGE_STANDARD = "gnu++20";
				CLANG_ENABLE_MODULES = YES;
				CLANG_ENABLE_OBJC_ARC = YES;
				CLANG_ENABLE_OBJC_WEAK = YES;
				CLANG_WARN_BLOCK_CAPTURE_AUTORELEASING = YES;
				CLANG_WARN_BOOL_CONVERSION = YES;
				CLANG_WARN_COMMA = YES;
				CLANG_WARN_CONSTANT_CONVERSION = YES;
				CLANG_WARN_DEPRECATED_OBJC_IMPLEMENTATIONS = YES;
				CLANG_WARN_DIRECT_OBJC_ISA_USAGE = YES_ERROR;
				CLANG_WARN_DOCUMENTATION_COMMENTS = YES;
				CLANG_WARN_EMPTY_BODY = YES;
				CLANG_WARN_ENUM_CONVERSION = YES;
				CLANG_WARN_INFINITE_RECURSION = YES;
				CLANG_WARN_INT_CONVERSION = YES;
				CLANG_WARN_NON_LITERAL_NULL_CONVERSION = YES;
				CLANG_WARN_OBJC_IMPLICIT_RETAIN_SELF = YES;
				CLANG_WARN_OBJC_LITERAL_CONVERSION = YES;
				CLANG_WARN_OBJC_ROOT_CLASS = YES_ERROR;
				CLANG_WARN_QUOTED_INCLUDE_IN_FRAMEWORK_HEADER = YES;
				CLANG_WARN_RANGE_LOOP_ANALYSIS = YES;
				CLANG_WARN_STRICT_PROTOTYPES = YES;
				CLANG_WARN_SUSPICIOUS_MOVE = YES;
				CLANG_WARN_UNGUARDED_AVAILABILITY = YES_AGGRESSIVE;
				CLANG_WARN_UNREACHABLE_CODE = YES;
				CLANG_WARN__DUPLICATE_METHOD_MATCH = YES;
				COPY_PHASE_STRIP = NO;
				DEBUG_INFORMATION_FORMAT = "dwarf-with-dsym";
				ENABLE_NS_ASSERTIONS = NO;
				ENABLE_STRICT_OBJC_MSGSEND = YES;
				ENABLE_USER_SCRIPT_SANDBOXING = YES;
				GCC_C_LANGUAGE_STANDARD = gnu17;
				GCC_NO_COMMON_BLOCKS = YES;
				GCC_WARN_64_TO_32_BIT_CONVERSION = YES;
				GCC_WARN_ABOUT_RETURN_TYPE = YES_ERROR;
				GCC_WARN_UNDECLARED_SELECTOR = YES;
				GCC_WARN_UNINITIALIZED_AUTOS = YES_AGGRESSIVE;
				GCC_WARN_UNUSED_FUNCTION = YES;
				GCC_WARN_UNUSED_VARIABLE = YES;
				IPHONEOS_DEPLOYMENT_TARGET = 17.5;
				LOCALIZATION_PREFERS_STRING_CATALOGS = YES;
				MTL_ENABLE_DEBUG_INFO = NO;
				MTL_FAST_MATH = YES;
				SDKROOT = iphoneos;
				SWIFT_COMPILATION_MODE = wholemodule;
				VALIDATE_PRODUCT = YES;
			};
			name = Release;
		};
		A895CDBA2C47A6E1006B3DB4 /* Debug */ = {
			isa = XCBuildConfiguration;
			buildSettings = {
				ASSETCATALOG_COMPILER_APPICON_NAME = AppIcon;
				ASSETCATALOG_COMPILER_GLOBAL_ACCENT_COLOR_NAME = AccentColor;
				CODE_SIGN_STYLE = Automatic;
				CURRENT_PROJECT_VERSION = 1;
				GENERATE_INFOPLIST_FILE = YES;
				INFOPLIST_FILE = CoreDataExample/Info.plist;
				INFOPLIST_KEY_UIApplicationSupportsIndirectInputEvents = YES;
				INFOPLIST_KEY_UILaunchStoryboardName = LaunchScreen;
				INFOPLIST_KEY_UIMainStoryboardFile = Main;
				INFOPLIST_KEY_UISupportedInterfaceOrientations_iPad = "UIInterfaceOrientationPortrait UIInterfaceOrientationPortraitUpsideDown UIInterfaceOrientationLandscapeLeft UIInterfaceOrientationLandscapeRight";
				INFOPLIST_KEY_UISupportedInterfaceOrientations_iPhone = "UIInterfaceOrientationPortrait UIInterfaceOrientationLandscapeLeft UIInterfaceOrientationLandscapeRight";
				LD_RUNPATH_SEARCH_PATHS = (
					"$(inherited)",
					"@executable_path/Frameworks",
				);
				MARKETING_VERSION = 1.0;
				PRODUCT_BUNDLE_IDENTIFIER = com.synch.CoreDataExample;
				PRODUCT_NAME = "$(TARGET_NAME)";
				SWIFT_EMIT_LOC_STRINGS = YES;
				SWIFT_VERSION = 5.0;
				TARGETED_DEVICE_FAMILY = "1,2";
			};
			name = Debug;
		};
		A895CDBB2C47A6E1006B3DB4 /* Release */ = {
			isa = XCBuildConfiguration;
			buildSettings = {
				ASSETCATALOG_COMPILER_APPICON_NAME = AppIcon;
				ASSETCATALOG_COMPILER_GLOBAL_ACCENT_COLOR_NAME = AccentColor;
				CODE_SIGN_STYLE = Automatic;
				CURRENT_PROJECT_VERSION = 1;
				GENERATE_INFOPLIST_FILE = YES;
				INFOPLIST_FILE = CoreDataExample/Info.plist;
				INFOPLIST_KEY_UIApplicationSupportsIndirectInputEvents = YES;
				INFOPLIST_KEY_UILaunchStoryboardName = LaunchScreen;
				INFOPLIST_KEY_UIMainStoryboardFile = Main;
				INFOPLIST_KEY_UISupportedInterfaceOrientations_iPad = "UIInterfaceOrientationPortrait UIInterfaceOrientationPortraitUpsideDown UIInterfaceOrientationLandscapeLeft UIInterfaceOrientationLandscapeRight";
				INFOPLIST_KEY_UISupportedInterfaceOrientations_iPhone = "UIInterfaceOrientationPortrait UIInterfaceOrientationLandscapeLeft UIInterfaceOrientationLandscapeRight";
				LD_RUNPATH_SEARCH_PATHS = (
					"$(inherited)",
					"@executable_path/Frameworks",
				);
				MARKETING_VERSION = 1.0;
				PRODUCT_BUNDLE_IDENTIFIER = com.synch.CoreDataExample;
				PRODUCT_NAME = "$(TARGET_NAME)";
				SWIFT_EMIT_LOC_STRINGS = YES;
				SWIFT_VERSION = 5.0;
				TARGETED_DEVICE_FAMILY = "1,2";
			};
			name = Release;
		};
/* End XCBuildConfiguration section */

/* Begin XCConfigurationList section */
		A895CD9D2C47A6DF006B3DB4 /* Build configuration list for PBXProject "CoreDataExample" */ = {
			isa = XCConfigurationList;
			buildConfigurations = (
				A895CDB72C47A6E1006B3DB4 /* Debug */,
				A895CDB82C47A6E1006B3DB4 /* Release */,
			);
			defaultConfigurationIsVisible = 0;
			defaultConfigurationName = Release;
		};
		A895CDB92C47A6E1006B3DB4 /* Build configuration list for PBXNativeTarget "CoreDataExample" */ = {
			isa = XCConfigurationList;
			buildConfigurations = (
				A895CDBA2C47A6E1006B3DB4 /* Debug */,
				A895CDBB2C47A6E1006B3DB4 /* Release */,
			);
			defaultConfigurationIsVisible = 0;
			defaultConfigurationName = Release;
		};
/* End XCConfigurationList section */

/* Begin XCVersionGroup section */
		A895CDAE2C47A6DF006B3DB4 /* CoreDataExample.xcdatamodeld */ = {
			isa = XCVersionGroup;
			children = (
				A895CDAF2C47A6DF006B3DB4 /* CoreDataExample.xcdatamodel */,
			);
			currentVersion = A895CDAF2C47A6DF006B3DB4 /* CoreDataExample.xcdatamodel */;
			path = CoreDataExample.xcdatamodeld;
			sourceTree = "<group>";
			versionGroupType = wrapper.xcdatamodel;
		};
/* End XCVersionGroup section */
	};
	rootObject = A895CD9A2C47A6DF006B3DB4 /* Project object */;
}
